# THIS IS AN AUTOGENERATED FILE. DO NOT EDIT THIS FILE DIRECTLY.
# yarn lockfile v1


"@apollo/client@~3.2.5 || ~3.3.0 || ~3.4.0 || ~3.5.0 || ~3.6.0 || ~3.7.0 || ~3.8.0":
  version "3.8.3"
  resolved "https://registry.yarnpkg.com/@apollo/client/-/client-3.8.3.tgz#7cd23307bbc788a0a9eda51e6a76f32db8282933"
  integrity sha512-mK86JM6hCpMEBGDgdO9U8ZYS8r9lPjXE1tVGpJMdSFUsIcXpmEfHUAbbFpPtYmxn8Qa7XsYy0dwDaDhpf4UUPw==
  dependencies:
    "@graphql-typed-document-node/core" "^3.1.1"
    "@wry/context" "^0.7.3"
    "@wry/equality" "^0.5.6"
    "@wry/trie" "^0.4.3"
    graphql-tag "^2.12.6"
    hoist-non-react-statics "^3.3.2"
    optimism "^0.17.5"
    prop-types "^15.7.2"
    response-iterator "^0.2.6"
    symbol-observable "^4.0.0"
    ts-invariant "^0.10.3"
    tslib "^2.3.0"
    zen-observable-ts "^1.2.5"

"@ardatan/sync-fetch@^0.0.1":
  version "0.0.1"
  resolved "https://registry.yarnpkg.com/@ardatan/sync-fetch/-/sync-fetch-0.0.1.tgz#3385d3feedceb60a896518a1db857ec1e945348f"
  integrity sha512-xhlTqH0m31mnsG0tIP4ETgfSB6gXDaYYsUWTrlUV93fFQPI9dd8hE0Ot6MHLCtqgB32hwJAC3YZMWlXZw7AleA==
  dependencies:
    node-fetch "^2.6.1"

"@envelop/core@^4.0.0":
  version "4.0.1"
  resolved "https://registry.yarnpkg.com/@envelop/core/-/core-4.0.1.tgz#0f3eb33a396e9f4527d7fa8079055ec151eb73aa"
  integrity sha512-uBLI7ql3hZopz7vMi9UDAb9HWzKw4STKiqg4QT+lb+tu5ZNaeuJ4fom2rrmgITz38B85QZOhZrGyVrlJXxfDzw==
  dependencies:
    "@envelop/types" "4.0.1"
    tslib "^2.5.0"

"@envelop/extended-validation@^3.0.0":
  version "3.0.1"
  resolved "https://registry.yarnpkg.com/@envelop/extended-validation/-/extended-validation-3.0.1.tgz#119baf344713b99db76e4ad40de40584b0d14499"
  integrity sha512-UQDt8/MrRKuyX8r6tJmzfqzNyPiibfLeWpeW8+CeG9oNIVYYjjq6+rB5EJCMHWb3uLpY09lD1OxxV3jFcyZq3A==
  dependencies:
    "@graphql-tools/utils" "^10.0.0"
    tslib "^2.5.0"

"@envelop/types@4.0.1":
  version "4.0.1"
  resolved "https://registry.yarnpkg.com/@envelop/types/-/types-4.0.1.tgz#145690d8266a003cdb06dd58fa1236e3c80050a9"
  integrity sha512-ULo27/doEsP7uUhm2iTnElx13qTO6I5FKvmLoX41cpfuw8x6e0NUFknoqhEsLzAbgz8xVS5mjwcxGCXh4lDYzg==
  dependencies:
    tslib "^2.5.0"

"@graphql-inspector/core@5.0.1":
  version "5.0.1"
  resolved "https://registry.yarnpkg.com/@graphql-inspector/core/-/core-5.0.1.tgz#68bc8be7ff7c0374072eedafa4e0795d62b634b6"
  integrity sha512-1CWfFYucnRdULGiN1NDSinlNlpucBT+0x4i4AIthKe5n5jD9RIVyJtkA8zBbujUFrP++YE3l+TQifwbN1yTQsw==
  dependencies:
    dependency-graph "0.11.0"
    object-inspect "1.12.3"
    tslib "2.6.0"

"@graphql-mesh/cache-localforage@^0.95.3":
  version "0.95.3"
  resolved "https://registry.yarnpkg.com/@graphql-mesh/cache-localforage/-/cache-localforage-0.95.3.tgz#4d2c074fa1897ff4fe48e54f7d0b8e38f1f1e0f3"
  integrity sha512-WnLYrOoFG7qkYaD8ADYHn4yJGOGmcsb/qLSDep18v1KaA8v3h5PBQALpR0R5mBPcHj0uQuWhiskO8ly92iKpNA==
  dependencies:
    localforage "1.10.0"

"@graphql-mesh/cross-helpers@^0.4.0":
  version "0.4.0"
  resolved "https://registry.yarnpkg.com/@graphql-mesh/cross-helpers/-/cross-helpers-0.4.0.tgz#e27dd47c97de888bb2f152e251c6f641ece9e0dc"
  integrity sha512-NgcuwLQelrnl6YmJdXk8GWctY7MUtgyLKBfXsFj1bRhzC6BR/r6DieWKWWrLG8DQu0eNUMtVrI0j0qUrlw7LdQ==
  dependencies:
    path-browserify "1.0.1"
    react-native-fs "2.20.0"
    react-native-path "0.0.5"

"@graphql-mesh/graphql@^0.95.1":
  version "0.95.3"
  resolved "https://registry.yarnpkg.com/@graphql-mesh/graphql/-/graphql-0.95.3.tgz#82c2024ae6422053215d6881472a6e179a895ed2"
  integrity sha512-NWW8FnMXsnnQ3EMRaTaFnaLW/zQN22mVO1NM00x9gjc2dZb0F4F6/HTmITkWh6p1FhSgerXqq9mt712nkR6CDw==
  dependencies:
    "@graphql-mesh/string-interpolation" "^0.5.1"
    "@graphql-tools/delegate" "^10.0.0"
    "@graphql-tools/federation" "^1.1.0"
    "@graphql-tools/url-loader" "^8.0.0"
    lodash.get "^4.4.2"

"@graphql-mesh/http@^0.96.5":
  version "0.96.5"
  resolved "https://registry.yarnpkg.com/@graphql-mesh/http/-/http-0.96.5.tgz#cfab95ea150957ac9d3ccfd4407b71dccd2ead01"
  integrity sha512-/qhsLj8heOhFKziPNm/xvCwI2eu93huM3U7bgzqQEraxFdALv/Bjx/p9DNJlK6TaLYiungq19SENx947xHwmhQ==
  dependencies:
    "@whatwg-node/server" "^0.9.0"
    graphql-yoga "^4.0.0"

"@graphql-mesh/merger-stitching@^0.95.3":
  version "0.95.3"
  resolved "https://registry.yarnpkg.com/@graphql-mesh/merger-stitching/-/merger-stitching-0.95.3.tgz#1edc53bef57b3271698810e203030bf7b4abf8ad"
  integrity sha512-HCLo8QA6wdHbfhMizrp97PAvR8eLgMdnUBMQ7/Q77ICYcxj1HI5UdrynIaJrN45Q2SsYWYON1aWsAgiWp1MmZg==
  dependencies:
    "@graphql-tools/delegate" "^10.0.0"
    "@graphql-tools/schema" "^10.0.0"
    "@graphql-tools/stitch" "^9.0.0"

"@graphql-mesh/runtime@^0.96.4":
  version "0.96.4"
  resolved "https://registry.yarnpkg.com/@graphql-mesh/runtime/-/runtime-0.96.4.tgz#ab742830f4ae7e34364ee336ef689e74088e3cea"
  integrity sha512-1nELlWln7F2iLoGD1eJpEWS0nkYDWve6C5d8kPyJyQpGPfxpPLsm3yORAIGjDN5eZFxk5AG0Upi+u2F8gsitiQ==
  dependencies:
    "@envelop/core" "^4.0.0"
    "@envelop/extended-validation" "^3.0.0"
    "@graphql-mesh/string-interpolation" "^0.5.1"
    "@graphql-tools/batch-delegate" "^9.0.0"
    "@graphql-tools/delegate" "^10.0.0"
    "@graphql-tools/wrap" "^10.0.0"
    "@whatwg-node/fetch" "^0.9.0"

"@graphql-mesh/store@^0.95.3":
  version "0.95.3"
  resolved "https://registry.yarnpkg.com/@graphql-mesh/store/-/store-0.95.3.tgz#731dc2b3a6723cf807655f0dc8705ee13f23b3a2"
  integrity sha512-llULHhYGomHv/edHch2qZAA+gy3Y8TxZO1hFgSd95X37oudQTRc3Ew9cSYlTVhRvB4qRgGTdcO85xCMxNtjzKQ==
  dependencies:
    "@graphql-inspector/core" "5.0.1"

"@graphql-mesh/string-interpolation@^0.5.1":
  version "0.5.1"
  resolved "https://registry.yarnpkg.com/@graphql-mesh/string-interpolation/-/string-interpolation-0.5.1.tgz#b5e995769b0d9b72f040f10ea5cf53a5fc98bdad"
  integrity sha512-xrShpJ4silpWekpeVntDNt6NY6RxEMMbZ1CenIkLsl/QN3mMjxWa3rQX0qrByBeyDn7SorSN3lrClCCsPvmWZw==
  dependencies:
    dayjs "1.11.9"
    json-pointer "0.6.2"
    lodash.get "4.4.2"

"@graphql-mesh/types@^0.95.3":
  version "0.95.3"
  resolved "https://registry.yarnpkg.com/@graphql-mesh/types/-/types-0.95.3.tgz#085a617ffb0596017dced2ce53766b1e0fa029b1"
  integrity sha512-qZ9s8fjwY1LhZycOK5O4BatMANdY8IEO73Z1dYsy4uqUkqXMkPjofHDfoXmoldxfedIygZqa8ikWPAlQTp8RTg==
  dependencies:
    "@graphql-tools/batch-delegate" "^9.0.0"
    "@graphql-tools/delegate" "^10.0.0"
    "@graphql-typed-document-node/core" "^3.2.0"

"@graphql-mesh/utils@^0.95.3":
  version "0.95.3"
  resolved "https://registry.yarnpkg.com/@graphql-mesh/utils/-/utils-0.95.3.tgz#b83c2bf7b485a8b6c7f6660ff95715e43fc476a7"
  integrity sha512-h9lewaGslhF/p90iDE3tmwv6v+nwsx/3Lne4Jk0xnkopO2WicRUI5q1WdvYkJp0NV9FS2nYS6KFAqcdUg+hRGA==
  dependencies:
    "@graphql-mesh/string-interpolation" "^0.5.1"
    "@graphql-tools/delegate" "^10.0.0"
    dset "^3.1.2"
    js-yaml "^4.1.0"
    lodash.get "^4.4.2"
    lodash.topath "^4.5.2"
    tiny-lru "^11.0.0"

"@graphql-tools/batch-delegate@^9.0.0":
  version "9.0.0"
  resolved "https://registry.yarnpkg.com/@graphql-tools/batch-delegate/-/batch-delegate-9.0.0.tgz#dd9e87466f450bae61a20525a2a8d8b0d257df37"
  integrity sha512-23NmxcHQeKcfhMQyrRPTZfW4/+bSpAyR/qAhRjx+/hikDIa1Uv2XVgV9jIitSgM0OEk/KGPB4VQv+LCOWvAYiw==
  dependencies:
    "@graphql-tools/delegate" "^10.0.0"
    "@graphql-tools/utils" "^10.0.0"
    dataloader "2.2.2"
    tslib "^2.4.0"
    value-or-promise "^1.0.12"

"@graphql-tools/batch-execute@^9.0.1":
  version "9.0.2"
  resolved "https://registry.yarnpkg.com/@graphql-tools/batch-execute/-/batch-execute-9.0.2.tgz#5ac3257501e7941fad40661bb5e1110d6312f58b"
  integrity sha512-Y2uwdZI6ZnatopD/SYfZ1eGuQFI7OU2KGZ2/B/7G9ISmgMl5K+ZZWz/PfIEXeiHirIDhyk54s4uka5rj2xwKqQ==
  dependencies:
    "@graphql-tools/utils" "^10.0.5"
    dataloader "^2.2.2"
    tslib "^2.4.0"
    value-or-promise "^1.0.12"

"@graphql-tools/delegate@^10.0.0", "@graphql-tools/delegate@^10.0.1", "@graphql-tools/delegate@^10.0.3":
  version "10.0.3"
  resolved "https://registry.yarnpkg.com/@graphql-tools/delegate/-/delegate-10.0.3.tgz#2d0e133da94ca92c24e0c7360414e5592321cf2d"
  integrity sha512-Jor9oazZ07zuWkykD3OOhT/2XD74Zm6Ar0ENZMk75MDD51wB2UWUIMljtHxbJhV5A6UBC2v8x6iY0xdCGiIlyw==
  dependencies:
    "@graphql-tools/batch-execute" "^9.0.1"
    "@graphql-tools/executor" "^1.0.0"
    "@graphql-tools/schema" "^10.0.0"
    "@graphql-tools/utils" "^10.0.5"
    dataloader "^2.2.2"
    tslib "^2.5.0"

"@graphql-tools/executor-graphql-ws@^1.0.0":
  version "1.1.0"
  resolved "https://registry.yarnpkg.com/@graphql-tools/executor-graphql-ws/-/executor-graphql-ws-1.1.0.tgz#7727159ebaa9df4dc793d0d02e74dd1ca4a7cc60"
  integrity sha512-yM67SzwE8rYRpm4z4AuGtABlOp9mXXVy6sxXnTJRoYIdZrmDbKVfIY+CpZUJCqS0FX3xf2+GoHlsj7Qswaxgcg==
  dependencies:
    "@graphql-tools/utils" "^10.0.2"
    "@types/ws" "^8.0.0"
    graphql-ws "^5.14.0"
    isomorphic-ws "^5.0.0"
    tslib "^2.4.0"
    ws "^8.13.0"

"@graphql-tools/executor-http@^1.0.0":
  version "1.0.2"
  resolved "https://registry.yarnpkg.com/@graphql-tools/executor-http/-/executor-http-1.0.2.tgz#d7964a6e5ec883842f9a8e3f104f93c9b8f472be"
  integrity sha512-JKTB4E3kdQM2/1NEcyrVPyQ8057ZVthCV5dFJiKktqY9IdmF00M8gupFcW3jlbM/Udn78ickeUBsUzA3EouqpA==
  dependencies:
    "@graphql-tools/utils" "^10.0.2"
    "@repeaterjs/repeater" "^3.0.4"
    "@whatwg-node/fetch" "^0.9.0"
    extract-files "^11.0.0"
    meros "^1.2.1"
    tslib "^2.4.0"
    value-or-promise "^1.0.12"

"@graphql-tools/executor-legacy-ws@^1.0.0":
  version "1.0.3"
  resolved "https://registry.yarnpkg.com/@graphql-tools/executor-legacy-ws/-/executor-legacy-ws-1.0.3.tgz#de04eaa816fa27f46b401e8d5c28d9c0562b4993"
  integrity sha512-rr3IDeO9Dh+8u8KIro++5kzJJYPHkcrIAWzqXtN663nhInC85iW7Ko91yOYwf7ovBci/7s+4Rqe4ZRyca1LGjQ==
  dependencies:
    "@graphql-tools/utils" "^10.0.0"
    "@types/ws" "^8.0.0"
    isomorphic-ws "5.0.0"
    tslib "^2.4.0"
    ws "8.14.1"

"@graphql-tools/executor@^1.0.0":
  version "1.2.0"
  resolved "https://registry.yarnpkg.com/@graphql-tools/executor/-/executor-1.2.0.tgz#6c45f4add765769d9820c4c4405b76957ba39c79"
  integrity sha512-SKlIcMA71Dha5JnEWlw4XxcaJ+YupuXg0QCZgl2TOLFz4SkGCwU/geAsJvUJFwK2RbVLpQv/UMq67lOaBuwDtg==
  dependencies:
    "@graphql-tools/utils" "^10.0.0"
    "@graphql-typed-document-node/core" "3.2.0"
    "@repeaterjs/repeater" "^3.0.4"
    tslib "^2.4.0"
    value-or-promise "^1.0.12"

"@graphql-tools/federation@^1.1.0":
  version "1.1.8"
  resolved "https://registry.yarnpkg.com/@graphql-tools/federation/-/federation-1.1.8.tgz#749a42958c2deef5c723233a0f66947ccd1181ad"
  integrity sha512-F6hCd9aCNrT4nO+TGgFPZ6AB6xf5KN8bwni1zeCaV1fF1OtgdPO/Vnnx+EESWKk6AYHJ4fEA9y+8R/BxBdRdqw==
  dependencies:
    "@graphql-tools/delegate" "^10.0.1"
    "@graphql-tools/executor-http" "^1.0.0"
    "@graphql-tools/merge" "^9.0.0"
    "@graphql-tools/schema" "^10.0.0"
    "@graphql-tools/stitch" "^9.0.1"
    "@graphql-tools/utils" "^10.0.0"
    "@graphql-tools/wrap" "^10.0.0"
    tslib "^2.4.0"
    value-or-promise "^1.0.12"
  optionalDependencies:
    "@apollo/client" "~3.2.5 || ~3.3.0 || ~3.4.0 || ~3.5.0 || ~3.6.0 || ~3.7.0 || ~3.8.0"

"@graphql-tools/merge@^9.0.0":
  version "9.0.0"
  resolved "https://registry.yarnpkg.com/@graphql-tools/merge/-/merge-9.0.0.tgz#b0a3636c82716454bff88e9bb40108b0471db281"
  integrity sha512-J7/xqjkGTTwOJmaJQJ2C+VDBDOWJL3lKrHJN4yMaRLAJH3PosB7GiPRaSDZdErs0+F77sH2MKs2haMMkywzx7Q==
  dependencies:
    "@graphql-tools/utils" "^10.0.0"
    tslib "^2.4.0"

"@graphql-tools/schema@^10.0.0":
  version "10.0.0"
  resolved "https://registry.yarnpkg.com/@graphql-tools/schema/-/schema-10.0.0.tgz#7b5f6b6a59f51c927de8c9069bde4ebbfefc64b3"
  integrity sha512-kf3qOXMFcMs2f/S8Y3A8fm/2w+GaHAkfr3Gnhh2LOug/JgpY/ywgFVxO3jOeSpSEdoYcDKLcXVjMigNbY4AdQg==
  dependencies:
    "@graphql-tools/merge" "^9.0.0"
    "@graphql-tools/utils" "^10.0.0"
    tslib "^2.4.0"
    value-or-promise "^1.0.12"

"@graphql-tools/stitch@^9.0.0", "@graphql-tools/stitch@^9.0.1":
  version "9.0.1"
  resolved "https://registry.yarnpkg.com/@graphql-tools/stitch/-/stitch-9.0.1.tgz#5c65595723c147b14dad3b2b6f979e7252061507"
  integrity sha512-dEtv7TVQTHcUNwUZKZbL1UppcrJBRDdvEqlufXxu/ygXjuWSRm6O86UtvcyKSd2MIEr/gAgzY4e5OuMMLzHOCA==
  dependencies:
    "@graphql-tools/batch-delegate" "^9.0.0"
    "@graphql-tools/delegate" "^10.0.1"
    "@graphql-tools/executor" "^1.0.0"
    "@graphql-tools/merge" "^9.0.0"
    "@graphql-tools/schema" "^10.0.0"
    "@graphql-tools/utils" "^10.0.0"
    "@graphql-tools/wrap" "^10.0.0"
    tslib "^2.4.0"
    value-or-promise "^1.0.11"

"@graphql-tools/url-loader@^8.0.0":
  version "8.0.0"
  resolved "https://registry.yarnpkg.com/@graphql-tools/url-loader/-/url-loader-8.0.0.tgz#8d952d5ebb7325e587cb914aaebded3dbd078cf6"
  integrity sha512-rPc9oDzMnycvz+X+wrN3PLrhMBQkG4+sd8EzaFN6dypcssiefgWKToXtRKI8HHK68n2xEq1PyrOpkjHFJB+GwA==
  dependencies:
    "@ardatan/sync-fetch" "^0.0.1"
    "@graphql-tools/delegate" "^10.0.0"
    "@graphql-tools/executor-graphql-ws" "^1.0.0"
    "@graphql-tools/executor-http" "^1.0.0"
    "@graphql-tools/executor-legacy-ws" "^1.0.0"
    "@graphql-tools/utils" "^10.0.0"
    "@graphql-tools/wrap" "^10.0.0"
    "@types/ws" "^8.0.0"
    "@whatwg-node/fetch" "^0.9.0"
    isomorphic-ws "^5.0.0"
    tslib "^2.4.0"
    value-or-promise "^1.0.11"
    ws "^8.12.0"

"@graphql-tools/utils@^10.0.0", "@graphql-tools/utils@^10.0.2", "@graphql-tools/utils@^10.0.5":
  version "10.0.6"
  resolved "https://registry.yarnpkg.com/@graphql-tools/utils/-/utils-10.0.6.tgz#8a809d6bc0df27ffe8964696f182af2383b5974b"
  integrity sha512-hZMjl/BbX10iagovakgf3IiqArx8TPsotq5pwBld37uIX1JiZoSbgbCIFol7u55bh32o6cfDEiiJgfAD5fbeyQ==
  dependencies:
    "@graphql-typed-document-node/core" "^3.1.1"
    dset "^3.1.2"
    tslib "^2.4.0"

"@graphql-tools/wrap@^10.0.0":
  version "10.0.1"
  resolved "https://registry.yarnpkg.com/@graphql-tools/wrap/-/wrap-10.0.1.tgz#9e3d27d2723962c26c4377d5d7ab0d3038bf728c"
  integrity sha512-Cw6hVrKGM2OKBXeuAGltgy4tzuqQE0Nt7t/uAqnuokSXZhMHXJUb124Bnvxc2gPZn5chfJSDafDe4Cp8ZAVJgg==
  dependencies:
    "@graphql-tools/delegate" "^10.0.3"
    "@graphql-tools/schema" "^10.0.0"
    "@graphql-tools/utils" "^10.0.0"
    tslib "^2.4.0"
    value-or-promise "^1.0.12"

"@graphql-typed-document-node/core@3.2.0", "@graphql-typed-document-node/core@^3.1.1", "@graphql-typed-document-node/core@^3.2.0":
  version "3.2.0"
  resolved "https://registry.yarnpkg.com/@graphql-typed-document-node/core/-/core-3.2.0.tgz#5f3d96ec6b2354ad6d8a28bf216a1d97b5426861"
  integrity sha512-mB9oAsNCm9aM3/SOv4YtBMqZbYj10R7dkq8byBqxGY/ncFwhf2oQzMV+LCRlWoDSEBJ3COiR1yeDvMtsoOsuFQ==

"@graphql-yoga/logger@^1.0.0":
  version "1.0.0"
  resolved "https://registry.yarnpkg.com/@graphql-yoga/logger/-/logger-1.0.0.tgz#0fba12edd8c4b0b9c0f0a74b0d101f1646c3780e"
  integrity sha512-JYoxwnPggH2BfO+dWlWZkDeFhyFZqaTRGLvFhy+Pjp2UxitEW6nDrw+pEDw/K9tJwMjIFMmTT9VfTqrnESmBHg==
  dependencies:
    tslib "^2.5.2"

"@graphql-yoga/subscription@^4.0.0":
  version "4.0.0"
  resolved "https://registry.yarnpkg.com/@graphql-yoga/subscription/-/subscription-4.0.0.tgz#2bf5844ce8aeff46332650ad642218250201dcc5"
  integrity sha512-0qsN/BPPZNMoC2CZ8i+P6PgiJyHh1H35aKDt37qARBDaIOKDQuvEOq7+4txUKElcmXi7DYFo109FkhSQoEajrg==
  dependencies:
    "@graphql-yoga/typed-event-target" "^2.0.0"
    "@repeaterjs/repeater" "^3.0.4"
    "@whatwg-node/events" "^0.1.0"
    tslib "^2.5.2"

"@graphql-yoga/typed-event-target@^2.0.0":
  version "2.0.0"
  resolved "https://registry.yarnpkg.com/@graphql-yoga/typed-event-target/-/typed-event-target-2.0.0.tgz#41809fc8c101c27c61a5427d74e0d0ce824044db"
  integrity sha512-oA/VGxGmaSDym1glOHrltw43qZsFwLLjBwvh57B79UKX/vo3+UQcRgOyE44c5RP7DCYjkrC2tuArZmb6jCzysw==
  dependencies:
    "@repeaterjs/repeater" "^3.0.4"
    tslib "^2.5.2"

"@repeaterjs/repeater@^3.0.4":
  version "3.0.4"
  resolved "https://registry.yarnpkg.com/@repeaterjs/repeater/-/repeater-3.0.4.tgz#a04d63f4d1bf5540a41b01a921c9a7fddc3bd1ca"
  integrity sha512-AW8PKd6iX3vAZ0vA43nOUOnbq/X5ihgU+mSXXqunMkeQADGiqw/PY0JNeYtD5sr0PAy51YPgAPbDoeapv9r8WA==

"@types/node@*", "@types/node@^20.4.5":
  version "20.6.0"
  resolved "https://registry.yarnpkg.com/@types/node/-/node-20.6.0.tgz#9d7daa855d33d4efec8aea88cd66db1c2f0ebe16"
  integrity sha512-najjVq5KN2vsH2U/xyh2opaSEz6cZMR2SetLIlxlj08nOcmPOemJmUK2o4kUzfLqfrWE0PIrNeE16XhYDd3nqg==

"@types/ws@^8.0.0":
  version "8.5.5"
  resolved "https://registry.yarnpkg.com/@types/ws/-/ws-8.5.5.tgz#af587964aa06682702ee6dcbc7be41a80e4b28eb"
  integrity sha512-lwhs8hktwxSjf9UaZ9tG5M03PGogvFaH8gUgLNbN9HKIg0dvv6q+gkSuJ8HN4/VbyxkuLzCjlN7GquQ0gUJfIg==
  dependencies:
    "@types/node" "*"

"@whatwg-node/events@^0.1.0":
  version "0.1.1"
  resolved "https://registry.yarnpkg.com/@whatwg-node/events/-/events-0.1.1.tgz#0ca718508249419587e130da26d40e29d99b5356"
  integrity sha512-AyQEn5hIPV7Ze+xFoXVU3QTHXVbWPrzaOkxtENMPMuNL6VVHrp4hHfDt9nrQpjO7BgvuM95dMtkycX5M/DZR3w==

"@whatwg-node/fetch@^0.9.0", "@whatwg-node/fetch@^0.9.10", "@whatwg-node/fetch@^0.9.7":
  version "0.9.13"
  resolved "https://registry.yarnpkg.com/@whatwg-node/fetch/-/fetch-0.9.13.tgz#1d084cd546b9cd425ae89cbb1252a3e47a9a2e1c"
  integrity sha512-PPtMwhjtS96XROnSpowCQM85gCUG2m7AXZFw0PZlGbhzx2GK7f2iOXilfgIJ0uSlCuuGbOIzfouISkA7C4FJOw==
  dependencies:
    "@whatwg-node/node-fetch" "^0.4.17"
    urlpattern-polyfill "^9.0.0"

"@whatwg-node/node-fetch@^0.4.17":
  version "0.4.18"
  resolved "https://registry.yarnpkg.com/@whatwg-node/node-fetch/-/node-fetch-0.4.18.tgz#ff15beb1ecd03eb7428286435674c8bd583f159a"
  integrity sha512-zdey6buMKCqDVDq+tMqcjopO75Fb6iLqWo+g6cWwN5kiwctEHtVcbws2lJUFhCbo+TLZeH6bMDRUXEo5bkPtcQ==
  dependencies:
    "@whatwg-node/events" "^0.1.0"
    busboy "^1.6.0"
    fast-querystring "^1.1.1"
    fast-url-parser "^1.1.3"
    tslib "^2.3.1"

"@whatwg-node/server@^0.9.0", "@whatwg-node/server@^0.9.1":
  version "0.9.14"
  resolved "https://registry.yarnpkg.com/@whatwg-node/server/-/server-0.9.14.tgz#54c47b50c370e46fabdcbbed06be3d84686b8a91"
  integrity sha512-I8TT0NoCP+xThLBuGlU6dgq5wpExkphNMo2geZwQW0vAmEPtc3MNMZMIYqg5GyNmpv5Nf7fnxb8tVOIHbDvuDA==
  dependencies:
    "@whatwg-node/fetch" "^0.9.10"
    tslib "^2.3.1"

"@wry/context@^0.7.0", "@wry/context@^0.7.3":
  version "0.7.3"
  resolved "https://registry.yarnpkg.com/@wry/context/-/context-0.7.3.tgz#240f6dfd4db5ef54f81f6597f6714e58d4f476a1"
  integrity sha512-Nl8WTesHp89RF803Se9X3IiHjdmLBrIvPMaJkl+rKVJAYyPsz1TEUbu89943HpvujtSJgDUx9W4vZw3K1Mr3sA==
  dependencies:
    tslib "^2.3.0"

"@wry/equality@^0.5.6":
  version "0.5.6"
  resolved "https://registry.yarnpkg.com/@wry/equality/-/equality-0.5.6.tgz#cd4a533c72c3752993ab8cbf682d3d20e3cb601e"
  integrity sha512-D46sfMTngaYlrH+OspKf8mIJETntFnf6Hsjb0V41jAXJ7Bx2kB8Rv8RCUujuVWYttFtHkUNp7g+FwxNQAr6mXA==
  dependencies:
    tslib "^2.3.0"

"@wry/trie@^0.4.3":
  version "0.4.3"
  resolved "https://registry.yarnpkg.com/@wry/trie/-/trie-0.4.3.tgz#077d52c22365871bf3ffcbab8e95cb8bc5689af4"
  integrity sha512-I6bHwH0fSf6RqQcnnXLJKhkSXG45MFral3GxPaY4uAl0LYDZM+YDVDAiU9bYwjTuysy1S0IeecWtmq1SZA3M1w==
  dependencies:
    tslib "^2.3.0"

argparse@^2.0.1:
  version "2.0.1"
  resolved "https://registry.yarnpkg.com/argparse/-/argparse-2.0.1.tgz#246f50f3ca78a3240f6c997e8a9bd1eac49e4b38"
  integrity sha512-8+9WqebbFzpX9OR+Wa6O29asIogeRMzcGtAINdpMHHyAg10f05aSFVBbcEqGf/PXw1EjAZ+q2/bEBg3DvurK3Q==

base-64@^0.1.0:
  version "0.1.0"
  resolved "https://registry.yarnpkg.com/base-64/-/base-64-0.1.0.tgz#780a99c84e7d600260361511c4877613bf24f6bb"
  integrity sha512-Y5gU45svrR5tI2Vt/X9GPd3L0HNIKzGu202EjxrXMpuc2V2CiKgemAbUUsqYmZJvPtCXoUKjNZwBJzsNScUbXA==

bun-types@^1.0.0:
  version "1.0.1"
  resolved "https://registry.yarnpkg.com/bun-types/-/bun-types-1.0.1.tgz#8bcb10ae3a1548a39f0932fdb365f4b3a649efba"
  integrity sha512-7NrXqhMIaNKmWn2dSWEQ50znMZqrN/5Z0NBMXvQTRu/+Y1CvoXRznFy0pnqLe024CeZgVdXoEpARNO1JZLAPGw==

busboy@^1.6.0:
  version "1.6.0"
  resolved "https://registry.yarnpkg.com/busboy/-/busboy-1.6.0.tgz#966ea36a9502e43cdb9146962523b92f531f6893"
  integrity sha512-8SFQbg/0hQ9xy3UNTB0YEnsNBbWfhf7RtnzpL7TkBiTBRfrQ9Fxcnz7VJsleJpyp6rVLvXiuORqjlHi5q+PYuA==
  dependencies:
    streamsearch "^1.1.0"

dataloader@2.2.2, dataloader@^2.2.2:
  version "2.2.2"
  resolved "https://registry.yarnpkg.com/dataloader/-/dataloader-2.2.2.tgz#216dc509b5abe39d43a9b9d97e6e5e473dfbe3e0"
  integrity sha512-8YnDaaf7N3k/q5HnTJVuzSyLETjoZjVmHc4AeKAzOvKHEFQKcn64OKBfzHYtE9zGjctNM7V9I0MfnUVLpi7M5g==

dayjs@1.11.9:
  version "1.11.9"
  resolved "https://registry.yarnpkg.com/dayjs/-/dayjs-1.11.9.tgz#9ca491933fadd0a60a2c19f6c237c03517d71d1a"
  integrity sha512-QvzAURSbQ0pKdIye2txOzNaHmxtUBXerpY0FJsFXUMKbIZeFm5ht1LS/jFsrncjnmtv8HsG0W2g6c0zUjZWmpA==

dependency-graph@0.11.0:
  version "0.11.0"
  resolved "https://registry.yarnpkg.com/dependency-graph/-/dependency-graph-0.11.0.tgz#ac0ce7ed68a54da22165a85e97a01d53f5eb2e27"
  integrity sha512-JeMq7fEshyepOWDfcfHK06N3MhyPhz++vtqWhMT5O9A3K42rdsEDpfdVqjaqaAhsw6a+ZqeDvQVtD0hFHQWrzg==

dset@^3.1.1, dset@^3.1.2:
  version "3.1.2"
  resolved "https://registry.yarnpkg.com/dset/-/dset-3.1.2.tgz#89c436ca6450398396dc6538ea00abc0c54cd45a"
  integrity sha512-g/M9sqy3oHe477Ar4voQxWtaPIFw1jTdKZuomOjhCcBx9nHUNn0pu6NopuFFrTh/TRZIKEj+76vLWFu9BNKk+Q==

extract-files@^11.0.0:
  version "11.0.0"
  resolved "https://registry.yarnpkg.com/extract-files/-/extract-files-11.0.0.tgz#b72d428712f787eef1f5193aff8ab5351ca8469a"
  integrity sha512-FuoE1qtbJ4bBVvv94CC7s0oTnKUGvQs+Rjf1L2SJFfS+HTVVjhPFtehPdQ0JiGPqVNfSSZvL5yzHHQq2Z4WNhQ==

fast-decode-uri-component@^1.0.1:
  version "1.0.1"
  resolved "https://registry.yarnpkg.com/fast-decode-uri-component/-/fast-decode-uri-component-1.0.1.tgz#46f8b6c22b30ff7a81357d4f59abfae938202543"
  integrity sha512-WKgKWg5eUxvRZGwW8FvfbaH7AXSh2cL+3j5fMGzUMCxWBJ3dV3a7Wz8y2f/uQ0e3B6WmodD3oS54jTQ9HVTIIg==

fast-querystring@^1.1.1:
  version "1.1.2"
  resolved "https://registry.yarnpkg.com/fast-querystring/-/fast-querystring-1.1.2.tgz#a6d24937b4fc6f791b4ee31dcb6f53aeafb89f53"
  integrity sha512-g6KuKWmFXc0fID8WWH0jit4g0AGBoJhCkJMb1RmbsSEUNvQ+ZC8D6CUZ+GtF8nMzSPXnhiePyyqqipzNNEnHjg==
  dependencies:
    fast-decode-uri-component "^1.0.1"

fast-url-parser@^1.1.3:
  version "1.1.3"
  resolved "https://registry.yarnpkg.com/fast-url-parser/-/fast-url-parser-1.1.3.tgz#f4af3ea9f34d8a271cf58ad2b3759f431f0b318d"
  integrity sha512-5jOCVXADYNuRkKFzNJ0dCCewsZiYo0dz8QNYljkOpFC6r2U4OBmKtvm/Tsuh4w1YYdDqDb31a8TVhBJ2OJKdqQ==
  dependencies:
    punycode "^1.3.2"

foreach@^2.0.4:
  version "2.0.6"
  resolved "https://registry.yarnpkg.com/foreach/-/foreach-2.0.6.tgz#87bcc8a1a0e74000ff2bf9802110708cfb02eb6e"
  integrity sha512-k6GAGDyqLe9JaebCsFCoudPPWfihKu8pylYXRlqP1J7ms39iPoTtk2fviNglIeQEwdh0bQeKJ01ZPyuyQvKzwg==

graphql-tag@^2.12.6:
  version "2.12.6"
  resolved "https://registry.yarnpkg.com/graphql-tag/-/graphql-tag-2.12.6.tgz#d441a569c1d2537ef10ca3d1633b48725329b5f1"
  integrity sha512-FdSNcu2QQcWnM2VNvSCCDCVS5PpPqpzgFT8+GXzqJuoDd0CBncxCY278u4mhRO7tMgo2JjgJA5aZ+nWSQ/Z+xg==
  dependencies:
    tslib "^2.1.0"

graphql-ws@^5.14.0:
  version "5.14.0"
  resolved "https://registry.yarnpkg.com/graphql-ws/-/graphql-ws-5.14.0.tgz#766f249f3974fc2c48fae0d1fb20c2c4c79cd591"
  integrity sha512-itrUTQZP/TgswR4GSSYuwWUzrE/w5GhbwM2GX3ic2U7aw33jgEsayfIlvaj7/GcIvZgNMzsPTrE5hqPuFUiE5g==

graphql-yoga@^4.0.0:
  version "4.0.4"
  resolved "https://registry.yarnpkg.com/graphql-yoga/-/graphql-yoga-4.0.4.tgz#00f388b6c38560ad4e5662c66cd2671befb58229"
  integrity sha512-MvCLhFecYNIKuxAZisPjpIL9lxRYbpgPSNKENDO/8CV3oiFlsLJHZb5dp2sVAeLafXHeZ9TgkijLthUBc1+Jag==
  dependencies:
    "@envelop/core" "^4.0.0"
    "@graphql-tools/executor" "^1.0.0"
    "@graphql-tools/schema" "^10.0.0"
    "@graphql-tools/utils" "^10.0.0"
    "@graphql-yoga/logger" "^1.0.0"
    "@graphql-yoga/subscription" "^4.0.0"
    "@whatwg-node/fetch" "^0.9.7"
    "@whatwg-node/server" "^0.9.1"
    dset "^3.1.1"
    lru-cache "^10.0.0"
    tslib "^2.5.2"

graphql@^16.7.1:
  version "16.8.0"
  resolved "https://registry.yarnpkg.com/graphql/-/graphql-16.8.0.tgz#374478b7f27b2dc6153c8f42c1b80157f79d79d4"
  integrity sha512-0oKGaR+y3qcS5mCu1vb7KG+a89vjn06C7Ihq/dDl3jA+A8B3TKomvi3CiEcVLJQGalbu8F52LxkOym7U5sSfbg==

hoist-non-react-statics@^3.3.2:
  version "3.3.2"
  resolved "https://registry.yarnpkg.com/hoist-non-react-statics/-/hoist-non-react-statics-3.3.2.tgz#ece0acaf71d62c2969c2ec59feff42a4b1a85b45"
  integrity sha512-/gGivxi8JPKWNm/W0jSmzcMPpfpPLc3dY/6GxhX2hQ9iGj3aDfklV4ET7NjKpSinLpJ5vafa9iiGIEZg10SfBw==
  dependencies:
    react-is "^16.7.0"

immediate@~3.0.5:
  version "3.0.6"
  resolved "https://registry.yarnpkg.com/immediate/-/immediate-3.0.6.tgz#9db1dbd0faf8de6fbe0f5dd5e56bb606280de69b"
  integrity sha512-XXOFtyqDjNDAQxVfYxuF7g9Il/IbWmmlQg2MYKOH8ExIT1qg6xc4zyS3HaEEATgs1btfzxq15ciUiY7gjSXRGQ==

isomorphic-ws@5.0.0, isomorphic-ws@^5.0.0:
  version "5.0.0"
  resolved "https://registry.yarnpkg.com/isomorphic-ws/-/isomorphic-ws-5.0.0.tgz#e5529148912ecb9b451b46ed44d53dae1ce04bbf"
  integrity sha512-muId7Zzn9ywDsyXgTIafTry2sV3nySZeUDe6YedVd1Hvuuep5AsIlqK+XefWpYTyJG5e503F2xIuT2lcU6rCSw==

"js-tokens@^3.0.0 || ^4.0.0":
  version "4.0.0"
  resolved "https://registry.yarnpkg.com/js-tokens/-/js-tokens-4.0.0.tgz#19203fb59991df98e3a287050d4647cdeaf32499"
  integrity sha512-RdJUflcE3cUzKiMqQgsCu06FPu9UdIJO0beYbPhHN4k6apgJtifcoCtT9bcxOpYBtpD2kCM6Sbzg4CausW/PKQ==

js-yaml@^4.1.0:
  version "4.1.0"
  resolved "https://registry.yarnpkg.com/js-yaml/-/js-yaml-4.1.0.tgz#c1fb65f8f5017901cdd2c951864ba18458a10602"
  integrity sha512-wpxZs9NoxZaJESJGIZTyDEaYpl0FKSA+FB9aJiyemKhMwkxQg63h4T1KJgUGHpTqPDNRcmmYLugrRjJlBtWvRA==
  dependencies:
    argparse "^2.0.1"

json-pointer@0.6.2:
  version "0.6.2"
  resolved "https://registry.yarnpkg.com/json-pointer/-/json-pointer-0.6.2.tgz#f97bd7550be5e9ea901f8c9264c9d436a22a93cd"
  integrity sha512-vLWcKbOaXlO+jvRy4qNd+TI1QUPZzfJj1tpJ3vAXDych5XJf93ftpUKe5pKCrzyIIwgBJcOcCVRUfqQP25afBw==
  dependencies:
    foreach "^2.0.4"

lie@3.1.1:
  version "3.1.1"
  resolved "https://registry.yarnpkg.com/lie/-/lie-3.1.1.tgz#9a436b2cc7746ca59de7a41fa469b3efb76bd87e"
  integrity sha512-RiNhHysUjhrDQntfYSfY4MU24coXXdEOgw9WGcKHNeEwffDYbF//u87M1EWaMGzuFoSbqW0C9C6lEEhDOAswfw==
  dependencies:
    immediate "~3.0.5"

localforage@1.10.0:
  version "1.10.0"
  resolved "https://registry.yarnpkg.com/localforage/-/localforage-1.10.0.tgz#5c465dc5f62b2807c3a84c0c6a1b1b3212781dd4"
  integrity sha512-14/H1aX7hzBBmmh7sGPd+AOMkkIrHM3Z1PAyGgZigA1H1p5O5ANnMyWzvpAETtG68/dC4pC0ncy3+PPGzXZHPg==
  dependencies:
    lie "3.1.1"

lodash.get@4.4.2, lodash.get@^4.4.2:
  version "4.4.2"
  resolved "https://registry.yarnpkg.com/lodash.get/-/lodash.get-4.4.2.tgz#2d177f652fa31e939b4438d5341499dfa3825e99"
  integrity sha512-z+Uw/vLuy6gQe8cfaFWD7p0wVv8fJl3mbzXh33RS+0oW2wvUqiRXiQ69gLWSLpgB5/6sU+r6BlQR0MBILadqTQ==

lodash.topath@^4.5.2:
  version "4.5.2"
  resolved "https://registry.yarnpkg.com/lodash.topath/-/lodash.topath-4.5.2.tgz#3616351f3bba61994a0931989660bd03254fd009"
  integrity sha512-1/W4dM+35DwvE/iEd1M9ekewOSTlpFekhw9mhAtrwjVqUr83/ilQiyAvmg4tVX7Unkcfl1KC+i9WdaT4B6aQcg==

loose-envify@^1.4.0:
  version "1.4.0"
  resolved "https://registry.yarnpkg.com/loose-envify/-/loose-envify-1.4.0.tgz#71ee51fa7be4caec1a63839f7e682d8132d30caf"
  integrity sha512-lyuxPGr/Wfhrlem2CL/UcnUc1zcqKAImBDzukY7Y5F/yQiNdko6+fRLevlw1HgMySw7f611UIY408EtxRSoK3Q==
  dependencies:
    js-tokens "^3.0.0 || ^4.0.0"

lru-cache@^10.0.0:
  version "10.0.1"
  resolved "https://registry.yarnpkg.com/lru-cache/-/lru-cache-10.0.1.tgz#0a3be479df549cca0e5d693ac402ff19537a6b7a"
  integrity sha512-IJ4uwUTi2qCccrioU6g9g/5rvvVl13bsdczUUcqbciD9iLr095yj8DQKdObriEvuNSx325N1rV1O0sJFszx75g==

meros@^1.2.1:
  version "1.3.0"
  resolved "https://registry.yarnpkg.com/meros/-/meros-1.3.0.tgz#c617d2092739d55286bf618129280f362e6242f2"
  integrity sha512-2BNGOimxEz5hmjUG2FwoxCt5HN7BXdaWyFqEwxPTrJzVdABtrL4TiHTcsWSFAxPQ/tOnEaQEJh3qWq71QRMY+w==

node-fetch@^2.6.1:
  version "2.7.0"
  resolved "https://registry.yarnpkg.com/node-fetch/-/node-fetch-2.7.0.tgz#d0f0fa6e3e2dc1d27efcd8ad99d550bda94d187d"
  integrity sha512-c4FRfUm/dbcWZ7U+1Wq0AwCyFL+3nt2bEw05wfxSz+DWpWsitgmSgYmy2dQdWyKC1694ELPqMs/YzUSNozLt8A==
  dependencies:
    whatwg-url "^5.0.0"

object-assign@^4.1.1:
  version "4.1.1"
  resolved "https://registry.yarnpkg.com/object-assign/-/object-assign-4.1.1.tgz#2109adc7965887cfc05cbbd442cac8bfbb360863"
  integrity sha512-rJgTQnkUnH1sFw8yT6VSU3zD3sWmu6sZhIseY8VX+GRu3P6F7Fu+JNDoXfklElbLJSnc3FUQHVe4cU5hj+BcUg==

object-inspect@1.12.3:
  version "1.12.3"
  resolved "https://registry.yarnpkg.com/object-inspect/-/object-inspect-1.12.3.tgz#ba62dffd67ee256c8c086dfae69e016cd1f198b9"
  integrity sha512-geUvdk7c+eizMNUDkRpW1wJwgfOiOeHbxBR/hLXK1aT6zmVSO0jsQcs7fj6MGw89jC/cjGfLcNOrtMYtGqm81g==

optimism@^0.17.5:
  version "0.17.5"
  resolved "https://registry.yarnpkg.com/optimism/-/optimism-0.17.5.tgz#a4c78b3ad12c58623abedbebb4f2f2c19b8e8816"
  integrity sha512-TEcp8ZwK1RczmvMnvktxHSF2tKgMWjJ71xEFGX5ApLh67VsMSTy1ZUlipJw8W+KaqgOmQ+4pqwkeivY89j+4Vw==
  dependencies:
    "@wry/context" "^0.7.0"
    "@wry/trie" "^0.4.3"
    tslib "^2.3.0"

path-browserify@1.0.1:
  version "1.0.1"
  resolved "https://registry.yarnpkg.com/path-browserify/-/path-browserify-1.0.1.tgz#d98454a9c3753d5790860f16f68867b9e46be1fd"
  integrity sha512-b7uo2UCUOYZcnF/3ID0lulOJi/bafxa1xPe7ZPsammBSpjSWQkjNxlt635YGS2MiR9GjvuXCtz2emr3jbsz98g==

prop-types@^15.7.2:
  version "15.8.1"
  resolved "https://registry.yarnpkg.com/prop-types/-/prop-types-15.8.1.tgz#67d87bf1a694f48435cf332c24af10214a3140b5"
  integrity sha512-oj87CgZICdulUohogVAR7AjlC0327U4el4L6eAvOqCeudMDVU0NThNaV+b9Df4dXgSP1gXMTnPdhfe/2qDH5cg==
  dependencies:
    loose-envify "^1.4.0"
    object-assign "^4.1.1"
    react-is "^16.13.1"

punycode@^1.3.2:
  version "1.4.1"
  resolved "https://registry.yarnpkg.com/punycode/-/punycode-1.4.1.tgz#c0d5a63b2718800ad8e1eb0fa5269c84dd41845e"
  integrity sha512-jmYNElW7yvO7TV33CjSmvSiE2yco3bV2czu/OzDKdMNVZQWfxCblURLhf+47syQRBntjfLdd/H0egrzIG+oaFQ==

react-is@^16.13.1, react-is@^16.7.0:
  version "16.13.1"
  resolved "https://registry.yarnpkg.com/react-is/-/react-is-16.13.1.tgz#789729a4dc36de2999dc156dd6c1d9c18cea56a4"
  integrity sha512-24e6ynE2H+OKt4kqsOvNd8kBpV65zoxbA4BVsEOB3ARVWQki/DHzaUoC5KuON/BiccDaCCTZBuOcfZs70kR8bQ==

react-native-fs@2.20.0:
  version "2.20.0"
  resolved "https://registry.yarnpkg.com/react-native-fs/-/react-native-fs-2.20.0.tgz#05a9362b473bfc0910772c0acbb73a78dbc810f6"
  integrity sha512-VkTBzs7fIDUiy/XajOSNk0XazFE9l+QlMAce7lGuebZcag5CnjszB+u4BdqzwaQOdcYb5wsJIsqq4kxInIRpJQ==
  dependencies:
    base-64 "^0.1.0"
    utf8 "^3.0.0"

react-native-path@0.0.5:
  version "0.0.5"
  resolved "https://registry.yarnpkg.com/react-native-path/-/react-native-path-0.0.5.tgz#a04e4b73a535a8a7cf15c6e760e27db7789afb13"
  integrity sha512-WJr256xBquk7X2O83QYWKqgLg43Zg3SrgjPc/kr0gCD2LoXA+2L72BW4cmstH12GbGeutqs/eXk3jgDQ2iCSvQ==

response-iterator@^0.2.6:
  version "0.2.6"
  resolved "https://registry.yarnpkg.com/response-iterator/-/response-iterator-0.2.6.tgz#249005fb14d2e4eeb478a3f735a28fd8b4c9f3da"
  integrity sha512-pVzEEzrsg23Sh053rmDUvLSkGXluZio0qu8VT6ukrYuvtjVfCbDZH9d6PGXb8HZfzdNZt8feXv/jvUzlhRgLnw==

streamsearch@^1.1.0:
  version "1.1.0"
  resolved "https://registry.yarnpkg.com/streamsearch/-/streamsearch-1.1.0.tgz#404dd1e2247ca94af554e841a8ef0eaa238da764"
  integrity sha512-Mcc5wHehp9aXz1ax6bZUyY5afg9u2rv5cqQI3mRrYkGC8rW2hM02jWuwjtL++LS5qinSyhj2QfLyNsuc+VsExg==

symbol-observable@^4.0.0:
  version "4.0.0"
  resolved "https://registry.yarnpkg.com/symbol-observable/-/symbol-observable-4.0.0.tgz#5b425f192279e87f2f9b937ac8540d1984b39205"
  integrity sha512-b19dMThMV4HVFynSAM1++gBHAbk2Tc/osgLIBZMKsyqh34jb2e8Os7T6ZW/Bt3pJFdBTd2JwAnAAEQV7rSNvcQ==

tiny-lru@^11.0.0:
  version "11.0.1"
  resolved "https://registry.yarnpkg.com/tiny-lru/-/tiny-lru-11.0.1.tgz#629d6ddd88bd03c0929722680167f1feadf576f2"
  integrity sha512-iNgFugVuQgBKrqeO/mpiTTgmBsTP0WL6yeuLfLs/Ctf0pI/ixGqIRm8sDCwMcXGe9WWvt2sGXI5mNqZbValmJg==

tr46@~0.0.3:
  version "0.0.3"
  resolved "https://registry.yarnpkg.com/tr46/-/tr46-0.0.3.tgz#8184fd347dac9cdc185992f3a6622e14b9d9ab6a"
  integrity sha512-N3WMsuqV66lT30CrXNbEjx4GEwlow3v6rr4mCcv6prnfwhS01rkgyFdjPNBYd9br7LpXV1+Emh01fHnq2Gdgrw==

ts-invariant@^0.10.3:
  version "0.10.3"
  resolved "https://registry.yarnpkg.com/ts-invariant/-/ts-invariant-0.10.3.tgz#3e048ff96e91459ffca01304dbc7f61c1f642f6c"
  integrity sha512-uivwYcQaxAucv1CzRp2n/QdYPo4ILf9VXgH19zEIjFx2EJufV16P0JtJVpYHy89DItG6Kwj2oIUjrcK5au+4tQ==
  dependencies:
    tslib "^2.1.0"

tslib@2.6.0:
  version "2.6.0"
  resolved "https://registry.yarnpkg.com/tslib/-/tslib-2.6.0.tgz#b295854684dbda164e181d259a22cd779dcd7bc3"
  integrity sha512-7At1WUettjcSRHXCyYtTselblcHl9PJFFVKiCAy/bY97+BPZXSQ2wbq0P9s8tK2G7dFQfNnlJnPAiArVBVBsfA==

tslib@^2.1.0, tslib@^2.3.0, tslib@^2.3.1, tslib@^2.4.0, tslib@^2.5.0, tslib@^2.5.2:
  version "2.6.2"
  resolved "https://registry.yarnpkg.com/tslib/-/tslib-2.6.2.tgz#703ac29425e7b37cd6fd456e92404d46d1f3e4ae"
  integrity sha512-AEYxH93jGFPn/a2iVAwW87VuUIkR1FVUKB77NwMF7nBTDkDrrT/Hpt/IrCJ0QXhW27jTBDcf5ZY7w6RiqTMw2Q==

urlpattern-polyfill@^9.0.0:
  version "9.0.0"
  resolved "https://registry.yarnpkg.com/urlpattern-polyfill/-/urlpattern-polyfill-9.0.0.tgz#bc7e386bb12fd7898b58d1509df21d3c29ab3460"
  integrity sha512-WHN8KDQblxd32odxeIgo83rdVDE2bvdkb86it7bMhYZwWKJz0+O0RK/eZiHYnM+zgt/U7hAHOlCQGfjjvSkw2g==

utf8@^3.0.0:
  version "3.0.0"
  resolved "https://registry.yarnpkg.com/utf8/-/utf8-3.0.0.tgz#f052eed1364d696e769ef058b183df88c87f69d1"
  integrity sha512-E8VjFIQ/TyQgp+TZfS6l8yp/xWppSAHzidGiRrqe4bK4XP9pTRyKFgGJpO3SN7zdX4DeomTrwaseCHovfpFcqQ==

value-or-promise@^1.0.11, value-or-promise@^1.0.12:
  version "1.0.12"
  resolved "https://registry.yarnpkg.com/value-or-promise/-/value-or-promise-1.0.12.tgz#0e5abfeec70148c78460a849f6b003ea7986f15c"
  integrity sha512-Z6Uz+TYwEqE7ZN50gwn+1LCVo9ZVrpxRPOhOLnncYkY1ZzOYtrX8Fwf/rFktZ8R5mJms6EZf5TqNOMeZmnPq9Q==

webidl-conversions@^3.0.0:
  version "3.0.1"
  resolved "https://registry.yarnpkg.com/webidl-conversions/-/webidl-conversions-3.0.1.tgz#24534275e2a7bc6be7bc86611cc16ae0a5654871"
  integrity sha512-2JAn3z8AR6rjK8Sm8orRC0h/bcl/DqL7tRPdGZ4I1CjdF+EaMLmYxBHyXuKL849eucPFhvBoxMsflfOb8kxaeQ==

whatwg-url@^5.0.0:
  version "5.0.0"
  resolved "https://registry.yarnpkg.com/whatwg-url/-/whatwg-url-5.0.0.tgz#966454e8765462e37644d3626f6742ce8b70965d"
  integrity sha512-saE57nupxk6v3HY35+jzBwYa0rKSy0XR8JSxZPwgLr7ys0IBzhGviA1/TUGJLmSVqs8pb9AnvICXEuOHLprYTw==
  dependencies:
    tr46 "~0.0.3"
    webidl-conversions "^3.0.0"

ws@8.14.1, ws@^8.12.0, ws@^8.13.0:
  version "8.14.1"
  resolved "https://registry.yarnpkg.com/ws/-/ws-8.14.1.tgz#4b9586b4f70f9e6534c7bb1d3dc0baa8b8cf01e0"
  integrity sha512-4OOseMUq8AzRBI/7SLMUwO+FEDnguetSk7KMb1sHwvF2w2Wv5Hoj0nlifx8vtGsftE/jWHojPy8sMMzYLJ2G/A==

zen-observable-ts@^1.2.5:
  version "1.2.5"
  resolved "https://registry.yarnpkg.com/zen-observable-ts/-/zen-observable-ts-1.2.5.tgz#6c6d9ea3d3a842812c6e9519209365a122ba8b58"
  integrity sha512-QZWQekv6iB72Naeake9hS1KxHlotfRpe+WGNbNx5/ta+R3DNjVO2bswf63gXlWDcs+EMd7XY8HfVQyP1X6T4Zg==
  dependencies:
    zen-observable "0.8.15"

zen-observable@0.8.15:
  version "0.8.15"
  resolved "https://registry.yarnpkg.com/zen-observable/-/zen-observable-0.8.15.tgz#96415c512d8e3ffd920afd3889604e30b9eaac15"
  integrity sha512-PQ2PC7R9rslx84ndNBZB/Dkv8V8fZEpk83RLgXtYd0fwUgEjseMn1Dgajh2x6S8QbZAFa9p2qVCEuYZNgve0dQ==
